# THIS IS AN AUTOGENERATED FILE. DO NOT EDIT THIS FILE DIRECTLY.
# yarn lockfile v1


"@babel/runtime@^7.0.0":
  version "7.5.5"
  resolved "https://registry.yarnpkg.com/@babel/runtime/-/runtime-7.5.5.tgz#74fba56d35efbeca444091c7850ccd494fd2f132"
  integrity sha512-28QvEGyQyNkB0/m2B4FU7IEZGK2NUrcMtT6BZEFALTguLk+AUT6ofsHtPk5QyjAdUkpMJ+/Em+quwz4HOt30AQ==
  dependencies:
    regenerator-runtime "^0.13.2"

"@cronvel/get-pixels@^3.3.1":
  version "3.3.1"
  resolved "https://registry.yarnpkg.com/@cronvel/get-pixels/-/get-pixels-3.3.1.tgz#cd8bfd7d9985fb282aa8ad765137454ecfacafbe"
  integrity sha512-jgDb8vGPkpjRDbiYyHTI2Bna4HJysjPNSiERzBnRJjCR/YqC3u0idTae0tmNECsaZLOpAWmlK9wiIwnLGIT9Bg==
  dependencies:
    jpeg-js "^0.1.1"
    ndarray "^1.0.13"
    ndarray-pack "^1.1.1"
    node-bitmap "0.0.1"
    omggif "^1.0.5"
    pngjs "^2.0.0"

alertifyjs@^1.11.4:
  version "1.11.4"
  resolved "https://registry.yarnpkg.com/alertifyjs/-/alertifyjs-1.11.4.tgz#fe95d915a2c114367cf51b8607f37ffa8cfa51d2"
  integrity sha512-yB+6MxhV1K6o5aOwm/eCd7vZca/T2nU0maANicAR+JthxSFG18jnAEARnfiDQIVJ3gkBhvGTTTiRYmThH8cRrQ==

asn1@~0.2.0:
  version "0.2.4"
  resolved "https://registry.yarnpkg.com/asn1/-/asn1-0.2.4.tgz#8d2475dfab553bb33e77b54e59e880bb8ce23136"
  integrity sha512-jxwzQpLQjSmWXgwaCZE9Nz+glAG01yF1QnWgbhGwHI5A6FRIEY6IVqtHhIepHqI7/kyEyQEagBC5mBEFlIYvdg==
  dependencies:
    safer-buffer "~2.1.0"

chroma-js@^2.0.4:
  version "2.0.4"
  resolved "https://registry.yarnpkg.com/chroma-js/-/chroma-js-2.0.4.tgz#51ada59274856411630d45ea533d717018554cea"
  integrity sha512-gk71qOrSdBTLbsd0DIUO3QjZL8tTvMwpG1EoXYScy7rI4rcO4EyYH6zGuvCgUDumKumqg0pt6Ua+vWnMJsTYhw==

cwise-compiler@^1.1.2:
  version "1.1.3"
  resolved "https://registry.yarnpkg.com/cwise-compiler/-/cwise-compiler-1.1.3.tgz#f4d667410e850d3a313a7d2db7b1e505bb034cc5"
  integrity sha1-9NZnQQ6FDToxOn0tt7HlBbsDTMU=
  dependencies:
    uniq "^1.0.0"

fn-name@~2.0.1:
  version "2.0.1"
  resolved "https://registry.yarnpkg.com/fn-name/-/fn-name-2.0.1.tgz#5214d7537a4d06a4a301c0cc262feb84188002e7"
  integrity sha1-UhTXU3pNBqSjAcDMJi/rhBiAAuc=

fontfaceobserver@2.*:
  version "2.1.0"
  resolved "https://registry.yarnpkg.com/fontfaceobserver/-/fontfaceobserver-2.1.0.tgz#e2705d293e2c585a6531c2a722905657317a2991"
  integrity sha512-ReOsO2F66jUa0jmv2nlM/s1MiutJx/srhAe2+TE8dJCMi02ZZOcCTxTCQFr3Yet+uODUtnr4Mewg+tNQ+4V1Ng==

inherits@2.0.3:
  version "2.0.3"
  resolved "https://registry.yarnpkg.com/inherits/-/inherits-2.0.3.tgz#633c2c83e3da42a502f52466022480f4208261de"
  integrity sha1-Yzwsg+PaQqUC9SRmAiSA9CCCYd4=

iota-array@^1.0.0:
  version "1.0.0"
  resolved "https://registry.yarnpkg.com/iota-array/-/iota-array-1.0.0.tgz#81ef57fe5d05814cd58c2483632a99c30a0e8087"
  integrity sha1-ge9X/l0FgUzVjCSDYyqZwwoOgIc=

is-buffer@^1.0.2:
  version "1.1.6"
  resolved "https://registry.yarnpkg.com/is-buffer/-/is-buffer-1.1.6.tgz#efaa2ea9daa0d7ab2ea13a97b2b8ad51fefbe8be"
  integrity sha512-NcdALwpXkTm5Zvvbk7owOUSvVvBKDgKP5/ewfXEznmQFfs4ZRmanOeKBTjRVjka3QFoN6XJ+9F3USqfHqTaU5w==

jpeg-js@^0.1.1:
  version "0.1.2"
  resolved "https://registry.yarnpkg.com/jpeg-js/-/jpeg-js-0.1.2.tgz#135b992c0575c985cfa0f494a3227ed238583ece"
  integrity sha1-E1uZLAV1yYXPoPSUoyJ+0jhYPs4=

lazyness@^1.1.1:
  version "1.1.1"
  resolved "https://registry.yarnpkg.com/lazyness/-/lazyness-1.1.1.tgz#d5a7b63a217254bcd559f9b17753c92b70a84d81"
  integrity sha512-rYHC6l6LeRlJSt5jxpqN8z/49gZ0CqLi89HAGzJjHahCFlqEjFGFN9O15hmzSzUGFl7zN/vOWduv/+0af3r/kQ==

lodash@^4.17.11:
  version "4.17.21"
  resolved "https://registry.yarnpkg.com/lodash/-/lodash-4.17.21.tgz#679591c564c3bffaae8454cf0b3df370c3d6911c"
  integrity sha512-v2kDEe57lecTulaDIuNTPy3Ry4gLGJ6Z1O3vE1krgXZNrsQ+LFTGHVxVjcXPs17LhbZVGedAJv8XZ1tvj5FvSg==

micromodal@^0.4.0:
  version "0.4.0"
  resolved "https://registry.yarnpkg.com/micromodal/-/micromodal-0.4.0.tgz#924b80adff6654310070432ac51bb1d195eefb95"
  integrity sha512-YDku9Fi57S4Sm6oitSy3sr786qSp5L6NbatuH2kEeXf0jStvZgZk4bLBKaoSONBaq3BEvFz3hAaoUa7/pV1Kgg==

ndarray-pack@^1.1.1:
  version "1.2.1"
  resolved "https://registry.yarnpkg.com/ndarray-pack/-/ndarray-pack-1.2.1.tgz#8caebeaaa24d5ecf70ff86020637977da8ee585a"
  integrity sha1-jK6+qqJNXs9w/4YCBjeXfajuWFo=
  dependencies:
    cwise-compiler "^1.1.2"
    ndarray "^1.0.13"

ndarray@^1.0.13, ndarray@^1.0.18:
  version "1.0.18"
  resolved "https://registry.yarnpkg.com/ndarray/-/ndarray-1.0.18.tgz#b60d3a73224ec555d0faa79711e502448fd3f793"
  integrity sha1-tg06cyJOxVXQ+qeXEeUCRI/T95M=
  dependencies:
    iota-array "^1.0.0"
    is-buffer "^1.0.2"

nextgen-events@^1.1.1:
  version "1.1.1"
  resolved "https://registry.yarnpkg.com/nextgen-events/-/nextgen-events-1.1.1.tgz#3595ad9405deaf0d982fd8d584747186370ec91f"
  integrity sha512-vnKAjcvttm+ILOpLuNEFUuqYAfMYfvThpTGLLZT8w+mSCMmnRsKt/qWNuNkb3/RgNyon3EqPT6bDy4xSJkbKsA==

node-bitmap@0.0.1:
  version "0.0.1"
  resolved "https://registry.yarnpkg.com/node-bitmap/-/node-bitmap-0.0.1.tgz#180eac7003e0c707618ef31368f62f84b2a69091"
  integrity sha1-GA6scAPgxwdhjvMTaPYvhLKmkJE=

omggif@^1.0.5:
  version "1.0.10"
  resolved "https://registry.yarnpkg.com/omggif/-/omggif-1.0.10.tgz#ddaaf90d4a42f532e9e7cb3a95ecdd47f17c7b19"
  integrity sha512-LMJTtvgc/nugXj0Vcrrs68Mn2D1r0zf630VNtqtpI1FEO7e+O9FP4gqs9AcnBaSEeoHIPm28u6qgPR0oyEpGSw==

path@^0.12.7:
  version "0.12.7"
  resolved "https://registry.yarnpkg.com/path/-/path-0.12.7.tgz#d4dc2a506c4ce2197eb481ebfcd5b36c0140b10f"
  integrity sha1-1NwqUGxM4hl+tIHr/NWzbAFAsQ8=
  dependencies:
    process "^0.11.1"
    util "^0.10.3"

pngjs@^2.0.0:
  version "2.3.1"
  resolved "https://registry.yarnpkg.com/pngjs/-/pngjs-2.3.1.tgz#11d1e12b9cb64d63e30c143a330f4c1f567da85f"
  integrity sha1-EdHhK5y2TWPjDBQ6Mw9MH1Z9qF8=

process@^0.11.1:
  version "0.11.10"
  resolved "https://registry.yarnpkg.com/process/-/process-0.11.10.tgz#7332300e840161bda3e69a1d1d91a7d4bc16f182"
  integrity sha1-czIwDoQBYb2j5podHZGn1LwW8YI=

property-expr@^1.5.0:
  version "1.5.1"
  resolved "https://registry.yarnpkg.com/property-expr/-/property-expr-1.5.1.tgz#22e8706894a0c8e28d58735804f6ba3a3673314f"
  integrity sha512-CGuc0VUTGthpJXL36ydB6jnbyOf/rAHFvmVrJlH+Rg0DqqLFQGAP6hIaxD/G0OAmBJPhXDHuEJigrp0e0wFV6g==

regenerator-runtime@^0.13.2:
  version "0.13.3"
  resolved "https://registry.yarnpkg.com/regenerator-runtime/-/regenerator-runtime-0.13.3.tgz#7cf6a77d8f5c6f60eb73c5fc1955b2ceb01e6bf5"
  integrity sha512-naKIZz2GQ8JWh///G7L3X6LaQUAMp2lvb1rvwwsURe/VXwD6VMfr+/1NuNw3ag8v2kY1aQ/go5SNn79O9JU7yw==

safer-buffer@~2.1.0:
  version "2.1.2"
  resolved "https://registry.yarnpkg.com/safer-buffer/-/safer-buffer-2.1.2.tgz#44fa161b0187b9549dd84bb91802f9bd8385cd6a"
  integrity sha512-YZo3K82SD7Riyi0E1EQPojLz7kpepnSQI9IyPbHHg1XXXevb5dJI7tpyN2ADxGcQbHG7vcyRHk0cbwqcQriUtg==

semver@^5.1.0:
  version "5.7.1"
  resolved "https://registry.yarnpkg.com/semver/-/semver-5.7.1.tgz#a954f931aeba508d307bbf069eff0c01c96116f7"
  integrity sha512-sauaDf/PZdVgrLTNYHRtpXa1iRiKcaebiKQ1BJdpQlWH2lCvexQdX55snPFyK7QzpudqbCI0qXFfOasHdyNDGQ==

setimmediate@^1.0.5:
  version "1.0.5"
  resolved "https://registry.yarnpkg.com/setimmediate/-/setimmediate-1.0.5.tgz#290cbb232e306942d7d7ea9b83732ab7856f8285"
  integrity sha1-KQy7Iy4waULX1+qbg3Mqt4VvgoU=

seventh@^0.7.28:
  version "0.7.28"
  resolved "https://registry.yarnpkg.com/seventh/-/seventh-0.7.28.tgz#64988b5ab8c12fa8e89df05fa44250ca5c2739c8"
  integrity sha512-WitJqSwsjLWbCP9cciaozByx4csddLQyNoaPBqOpYFMNE6iD6FK/pM8J2yqtpauSxJUUo7Wfv5KF5w1jbVov7A==
  dependencies:
    setimmediate "^1.0.5"

ssh2-streams@~0.2.0:
  version "0.2.1"
  resolved "https://registry.yarnpkg.com/ssh2-streams/-/ssh2-streams-0.2.1.tgz#9c9c9964be60e9644575af328677f64b1e5cbd79"
  integrity sha512-3zCOsmunh1JWgPshfhKmBCL3lUtHPoh+a/cyQ49Ft0Q0aF7xgN06b76L+oKtFi0fgO57FLjFztb1GlJcEZ4a3Q==
  dependencies:
    asn1 "~0.2.0"
    semver "^5.1.0"
    streamsearch "~0.1.2"

ssh2@^0.6.1:
  version "0.6.2"
  resolved "https://registry.yarnpkg.com/ssh2/-/ssh2-0.6.2.tgz#b065d6e2133a2d4b557447d613b3511cb15e3a2e"
  integrity sha512-DJ+dOhXEEsmNpcQTI0x69FS++JH6qqL/ltEHf01pI1SSLMAcmD+hL4jRwvHjPwynPsmSUbHJ/WIZYzROfqZWjA==
  dependencies:
    ssh2-streams "~0.2.0"

streamsearch@~0.1.2:
  version "0.1.2"
  resolved "https://registry.yarnpkg.com/streamsearch/-/streamsearch-0.1.2.tgz#808b9d0e56fc273d809ba57338e929919a1a9f1a"
  integrity sha1-gIudDlb8Jz2Am6VzOOkpkZoanxo=

string-kit@^0.9.10:
  version "0.9.10"
  resolved "https://registry.yarnpkg.com/string-kit/-/string-kit-0.9.10.tgz#efa4eb2a8795abbdd206461a224b0c048b7e3e92"
  integrity sha512-hcJem/u3/ddt3lSY2Xlx953XCHe3C8BX2XEWbPrByjyJ0CSR36X7kzsGFsI5lLaG94dLCQYpt8ffVwRjKpRT6g==

synchronous-promise@^2.0.6:
  version "2.0.9"
  resolved "https://registry.yarnpkg.com/synchronous-promise/-/synchronous-promise-2.0.9.tgz#b83db98e9e7ae826bf9c8261fd8ac859126c780a"
  integrity sha512-LO95GIW16x69LuND1nuuwM4pjgFGupg7pZ/4lU86AmchPKrhk0o2tpMU2unXRrqo81iAFe1YJ0nAGEVwsrZAgg==

terminal-kit@^1.26.2:
  version "1.31.1"
  resolved "https://registry.yarnpkg.com/terminal-kit/-/terminal-kit-1.31.1.tgz#82535fe3eb7370884bc35b8732e3d439aadeb150"
  integrity sha512-mKPPkvRgUAuerK/bcZze6GLl8Y8C/agPncFsgR9zwIcz/2xPydcng9hbB48tYz6jrY3IXumi6WkaEYYYyzYtWQ==
  dependencies:
    "@cronvel/get-pixels" "^3.3.1"
    chroma-js "^2.0.4"
    lazyness "^1.1.1"
    ndarray "^1.0.18"
    nextgen-events "^1.1.1"
    seventh "^0.7.28"
    string-kit "^0.9.10"
    tree-kit "^0.6.1"

toposort@^2.0.2:
  version "2.0.2"
  resolved "https://registry.yarnpkg.com/toposort/-/toposort-2.0.2.tgz#ae21768175d1559d48bef35420b2f4962f09c330"
  integrity sha1-riF2gXXRVZ1IvvNUILL0li8JwzA=

tree-kit@^0.6.1:
  version "0.6.1"
  resolved "https://registry.yarnpkg.com/tree-kit/-/tree-kit-0.6.1.tgz#178e1f84944d7c6e4b15eb52fedace1b76a885dd"
  integrity sha512-7mV4KbsLMuA6ths3J1wpVUj2PLmLdoNEGnP9fm3kxef4UXYC/A0rL5gKsqtkUaCMuRYUMORyioy8IpBWUBQ1Ig==

uniq@^1.0.0:
  version "1.0.1"
  resolved "https://registry.yarnpkg.com/uniq/-/uniq-1.0.1.tgz#b31c5ae8254844a3a8281541ce2b04b865a734ff"
  integrity sha1-sxxa6CVIRKOoKBVBzisEuGWnNP8=

util@^0.10.3:
  version "0.10.4"
  resolved "https://registry.yarnpkg.com/util/-/util-0.10.4.tgz#3aa0125bfe668a4672de58857d3ace27ecb76901"
  integrity sha512-0Pm9hTQ3se5ll1XihRic3FDIku70C+iHUdT/W926rSgHV5QgXsYbKZN8MSC3tJtSkhuROzvsQjAaFENRXr+19A==
  dependencies:
    inherits "2.0.3"

xterm-webfont@^1.1.1:
  version "1.1.1"
  resolved "https://registry.yarnpkg.com/xterm-webfont/-/xterm-webfont-1.1.1.tgz#8cf008b01ab5281af17b5b703f53f4ae53acb299"
  integrity sha512-Afz13ctmi8AiDNnlroL32mBmBIPpI4ECYWawHEOMDF9bcgJo4oETGfUbI9XMNvVv+t/wAWPr7eQzzcxwbq3GMw==
  dependencies:
    fontfaceobserver "2.*"

xterm@^3.6.0:
  version "3.14.5"
  resolved "https://registry.yarnpkg.com/xterm/-/xterm-3.14.5.tgz#c9d14e48be6873aa46fb429f22f2165557fd2dea"
  integrity sha512-DVmQ8jlEtL+WbBKUZuMxHMBgK/yeIZwkXB81bH+MGaKKnJGYwA+770hzhXPfwEIokK9On9YIFPRleVp/5G7z9g==

yup@^0.27.0:
  version "0.27.0"
  resolved "https://registry.yarnpkg.com/yup/-/yup-0.27.0.tgz#f8cb198c8e7dd2124beddc2457571329096b06e7"
  integrity sha512-v1yFnE4+u9za42gG/b/081E7uNW9mUj3qtkmelLbW5YPROZzSH/KUUyJu9Wt8vxFJcT9otL/eZopS0YK1L5yPQ==
  dependencies:
    "@babel/runtime" "^7.0.0"
    fn-name "~2.0.1"
    lodash "^4.17.11"
    property-expr "^1.5.0"
    synchronous-promise "^2.0.6"
    toposort "^2.0.2"
